
Microsoft Visual Studio Solution File, Format Version 12.00
# Visual Studio Version 17
VisualStudioVersion = 17.14.36109.1
MinimumVisualStudioVersion = 10.0.40219.1
Project("{FAE04EC0-301F-11D3-BF4B-00C04F79EFBC}") = "DAL", "PI-223-1-7\DAL.csproj", "{FFFDF04D-FF5D-4511-A1B5-01D55C9E5421}"
EndProject
Project("{FAE04EC0-301F-11D3-BF4B-00C04F79EFBC}") = "BLL", "BLL\BLL.csproj", "{C7922F6C-656A-4EEF-8C39-A77E546218B7}"
EndProject
Project("{FAE04EC0-301F-11D3-BF4B-00C04F79EFBC}") = "PL", "PL\PL.csproj", "{7B50BFEE-8391-4EA6-BA25-A17B556E0AC3}"
EndProject
Project("{FAE04EC0-301F-11D3-BF4B-00C04F79EFBC}") = "Mapping", "Mapping\Mapping.csproj", "{6306029C-B77B-47BF-B58C-24E2B2DF2721}"
EndProject
Project("{FAE04EC0-301F-11D3-BF4B-00C04F79EFBC}") = "UI", "UI\UI.csproj", "{5B286F5E-1DA4-C61D-7861-80C46E44F0B3}"
EndProject
Global
	GlobalSection(SolutionConfigurationPlatforms) = preSolution
		Debug|Any CPU = Debug|Any CPU
		Release|Any CPU = Release|Any CPU
	EndGlobalSection
	GlobalSection(ProjectConfigurationPlatforms) = postSolution
		{FFFDF04D-FF5D-4511-A1B5-01D55C9E5421}.Debug|Any CPU.ActiveCfg = Debug|Any CPU
		{FFFDF04D-FF5D-4511-A1B5-01D55C9E5421}.Debug|Any CPU.Build.0 = Debug|Any CPU
		{FFFDF04D-FF5D-4511-A1B5-01D55C9E5421}.Release|Any CPU.ActiveCfg = Release|Any CPU
		{FFFDF04D-FF5D-4511-A1B5-01D55C9E5421}.Release|Any CPU.Build.0 = Release|Any CPU
		{C7922F6C-656A-4EEF-8C39-A77E546218B7}.Debug|Any CPU.ActiveCfg = Debug|Any CPU
		{C7922F6C-656A-4EEF-8C39-A77E546218B7}.Debug|Any CPU.Build.0 = Debug|Any CPU
		{C7922F6C-656A-4EEF-8C39-A77E546218B7}.Release|Any CPU.ActiveCfg = Release|Any CPU
		{C7922F6C-656A-4EEF-8C39-A77E546218B7}.Release|Any CPU.Build.0 = Release|Any CPU
		{7B50BFEE-8391-4EA6-BA25-A17B556E0AC3}.Debug|Any CPU.ActiveCfg = Debug|Any CPU
		{7B50BFEE-8391-4EA6-BA25-A17B556E0AC3}.Debug|Any CPU.Build.0 = Debug|Any CPU
		{7B50BFEE-8391-4EA6-BA25-A17B556E0AC3}.Release|Any CPU.ActiveCfg = Release|Any CPU
		{7B50BFEE-8391-4EA6-BA25-A17B556E0AC3}.Release|Any CPU.Build.0 = Release|Any CPU
		{6306029C-B77B-47BF-B58C-24E2B2DF2721}.Debug|Any CPU.ActiveCfg = Debug|Any CPU
		{6306029C-B77B-47BF-B58C-24E2B2DF2721}.Debug|Any CPU.Build.0 = Debug|Any CPU
		{6306029C-B77B-47BF-B58C-24E2B2DF2721}.Release|Any CPU.ActiveCfg = Release|Any CPU
		{6306029C-B77B-47BF-B58C-24E2B2DF2721}.Release|Any CPU.Build.0 = Release|Any CPU
		{5B286F5E-1DA4-C61D-7861-80C46E44F0B3}.Debug|Any CPU.ActiveCfg = Debug|Any CPU
		{5B286F5E-1DA4-C61D-7861-80C46E44F0B3}.Debug|Any CPU.Build.0 = Debug|Any CPU
		{5B286F5E-1DA4-C61D-7861-80C46E44F0B3}.Release|Any CPU.ActiveCfg = Release|Any CPU
		{5B286F5E-1DA4-C61D-7861-80C46E44F0B3}.Release|Any CPU.Build.0 = Release|Any CPU
	EndGlobalSection
	GlobalSection(SolutionProperties) = preSolution
		HideSolutionNode = FALSE
	EndGlobalSection
	GlobalSection(ExtensibilityGlobals) = postSolution
		SolutionGuid = {0830E383-C505-485D-8C22-80C4DDF9C2E9}
	EndGlobalSection
EndGlobal
