
Microsoft Visual Studio Solution File, Format Version 12.00
# Visual Studio Version 17
VisualStudioVersion = 17.14.36109.1
MinimumVisualStudioVersion = 10.0.40219.1
Project("{FAE04EC0-301F-11D3-BF4B-00C04F79EFBC}") = "DAL", "PI-223-1-7\DAL.csproj", "{FFFDF04D-FF5D-4511-A1B5-01D55C9E5421}"
EndProject
Project("{FAE04EC0-301F-11D3-BF4B-00C04F79EFBC}") = "BLL", "BLL\BLL.csproj", "{C7922F6C-656A-4EEF-8C39-A77E546218B7}"
EndProject
Project("{FAE04EC0-301F-11D3-BF4B-00C04F79EFBC}") = "Mapping", "Mapping\Mapping.csproj", "{6306029C-B77B-47BF-B58C-24E2B2DF2721}"
EndProject
Project("{FAE04EC0-301F-11D3-BF4B-00C04F79EFBC}") = "UI", "UI\UI.csproj", "{5B286F5E-1DA4-C61D-7861-80C46E44F0B3}"
EndProject
Project("{2150E333-8FDC-42A3-9474-1A3956D46DE8}") = "Microservices", "Microservices", "{36D591C7-65C7-A0D1-1CBC-10CDE441BDC8}"
EndProject
Project("{FAE04EC0-301F-11D3-BF4B-00C04F79EFBC}") = "BooksService", "BooksService\BooksService.csproj", "{A07BAAC4-A54D-4383-85C9-67880C4E180A}"
EndProject
Project("{FAE04EC0-301F-11D3-BF4B-00C04F79EFBC}") = "OrdersService", "OrdersService\OrdersService.csproj", "{8728BEE7-7F9C-422A-9CA3-74251EEAF134}"
EndProject
Project("{FAE04EC0-301F-11D3-BF4B-00C04F79EFBC}") = "ApiGateway", "ApiGateway\ApiGateway.csproj", "{22C89A9D-FA91-4364-9A29-A421BFC2C1DD}"
EndProject
Project("{FAE04EC0-301F-11D3-BF4B-00C04F79EFBC}") = "AdminUserService", "AdminUserService\AdminUserService.csproj", "{4E4EC70D-A0F9-450D-943E-EC4FBED64B81}"
EndProject
Project("{FAE04EC0-301F-11D3-BF4B-00C04F79EFBC}") = "Tests", "Tests\Tests.csproj", "{A5090EDC-B711-4FF2-A43A-462E66019426}"
EndProject
Project("{FAE04EC0-301F-11D3-BF4B-00C04F79EFBC}") = "AccountService", "AccountController\AccountService.csproj", "{1FD3590B-56F5-4429-8F59-931DB34505DB}"
EndProject
Global
	GlobalSection(SolutionConfigurationPlatforms) = preSolution
		Debug|Any CPU = Debug|Any CPU
		Release|Any CPU = Release|Any CPU
	EndGlobalSection
	GlobalSection(ProjectConfigurationPlatforms) = postSolution
		{FFFDF04D-FF5D-4511-A1B5-01D55C9E5421}.Debug|Any CPU.ActiveCfg = Debug|Any CPU
		{FFFDF04D-FF5D-4511-A1B5-01D55C9E5421}.Debug|Any CPU.Build.0 = Debug|Any CPU
		{FFFDF04D-FF5D-4511-A1B5-01D55C9E5421}.Release|Any CPU.ActiveCfg = Release|Any CPU
		{FFFDF04D-FF5D-4511-A1B5-01D55C9E5421}.Release|Any CPU.Build.0 = Release|Any CPU
		{C7922F6C-656A-4EEF-8C39-A77E546218B7}.Debug|Any CPU.ActiveCfg = Debug|Any CPU
		{C7922F6C-656A-4EEF-8C39-A77E546218B7}.Debug|Any CPU.Build.0 = Debug|Any CPU
		{C7922F6C-656A-4EEF-8C39-A77E546218B7}.Release|Any CPU.ActiveCfg = Release|Any CPU
		{C7922F6C-656A-4EEF-8C39-A77E546218B7}.Release|Any CPU.Build.0 = Release|Any CPU
		{6306029C-B77B-47BF-B58C-24E2B2DF2721}.Debug|Any CPU.ActiveCfg = Debug|Any CPU
		{6306029C-B77B-47BF-B58C-24E2B2DF2721}.Debug|Any CPU.Build.0 = Debug|Any CPU
		{6306029C-B77B-47BF-B58C-24E2B2DF2721}.Release|Any CPU.ActiveCfg = Release|Any CPU
		{6306029C-B77B-47BF-B58C-24E2B2DF2721}.Release|Any CPU.Build.0 = Release|Any CPU
		{5B286F5E-1DA4-C61D-7861-80C46E44F0B3}.Debug|Any CPU.ActiveCfg = Debug|Any CPU
		{5B286F5E-1DA4-C61D-7861-80C46E44F0B3}.Debug|Any CPU.Build.0 = Debug|Any CPU
		{5B286F5E-1DA4-C61D-7861-80C46E44F0B3}.Release|Any CPU.ActiveCfg = Release|Any CPU
		{5B286F5E-1DA4-C61D-7861-80C46E44F0B3}.Release|Any CPU.Build.0 = Release|Any CPU
		{A07BAAC4-A54D-4383-85C9-67880C4E180A}.Debug|Any CPU.ActiveCfg = Debug|Any CPU
		{A07BAAC4-A54D-4383-85C9-67880C4E180A}.Debug|Any CPU.Build.0 = Debug|Any CPU
		{A07BAAC4-A54D-4383-85C9-67880C4E180A}.Release|Any CPU.ActiveCfg = Release|Any CPU
		{A07BAAC4-A54D-4383-85C9-67880C4E180A}.Release|Any CPU.Build.0 = Release|Any CPU
		{8728BEE7-7F9C-422A-9CA3-74251EEAF134}.Debug|Any CPU.ActiveCfg = Debug|Any CPU
		{8728BEE7-7F9C-422A-9CA3-74251EEAF134}.Debug|Any CPU.Build.0 = Debug|Any CPU
		{8728BEE7-7F9C-422A-9CA3-74251EEAF134}.Release|Any CPU.ActiveCfg = Release|Any CPU
		{8728BEE7-7F9C-422A-9CA3-74251EEAF134}.Release|Any CPU.Build.0 = Release|Any CPU
		{22C89A9D-FA91-4364-9A29-A421BFC2C1DD}.Debug|Any CPU.ActiveCfg = Debug|Any CPU
		{22C89A9D-FA91-4364-9A29-A421BFC2C1DD}.Debug|Any CPU.Build.0 = Debug|Any CPU
		{22C89A9D-FA91-4364-9A29-A421BFC2C1DD}.Release|Any CPU.ActiveCfg = Release|Any CPU
		{22C89A9D-FA91-4364-9A29-A421BFC2C1DD}.Release|Any CPU.Build.0 = Release|Any CPU
		{4E4EC70D-A0F9-450D-943E-EC4FBED64B81}.Debug|Any CPU.ActiveCfg = Debug|Any CPU
		{4E4EC70D-A0F9-450D-943E-EC4FBED64B81}.Debug|Any CPU.Build.0 = Debug|Any CPU
		{4E4EC70D-A0F9-450D-943E-EC4FBED64B81}.Release|Any CPU.ActiveCfg = Release|Any CPU
		{4E4EC70D-A0F9-450D-943E-EC4FBED64B81}.Release|Any CPU.Build.0 = Release|Any CPU
		{A5090EDC-B711-4FF2-A43A-462E66019426}.Debug|Any CPU.ActiveCfg = Debug|Any CPU
		{A5090EDC-B711-4FF2-A43A-462E66019426}.Debug|Any CPU.Build.0 = Debug|Any CPU
		{A5090EDC-B711-4FF2-A43A-462E66019426}.Release|Any CPU.ActiveCfg = Release|Any CPU
		{A5090EDC-B711-4FF2-A43A-462E66019426}.Release|Any CPU.Build.0 = Release|Any CPU
		{1FD3590B-56F5-4429-8F59-931DB34505DB}.Debug|Any CPU.ActiveCfg = Debug|Any CPU
		{1FD3590B-56F5-4429-8F59-931DB34505DB}.Debug|Any CPU.Build.0 = Debug|Any CPU
		{1FD3590B-56F5-4429-8F59-931DB34505DB}.Release|Any CPU.ActiveCfg = Release|Any CPU
		{1FD3590B-56F5-4429-8F59-931DB34505DB}.Release|Any CPU.Build.0 = Release|Any CPU
	EndGlobalSection
	GlobalSection(SolutionProperties) = preSolution
		HideSolutionNode = FALSE
	EndGlobalSection
	GlobalSection(NestedProjects) = preSolution
		{A07BAAC4-A54D-4383-85C9-67880C4E180A} = {36D591C7-65C7-A0D1-1CBC-10CDE441BDC8}
		{8728BEE7-7F9C-422A-9CA3-74251EEAF134} = {36D591C7-65C7-A0D1-1CBC-10CDE441BDC8}
		{4E4EC70D-A0F9-450D-943E-EC4FBED64B81} = {36D591C7-65C7-A0D1-1CBC-10CDE441BDC8}
		{1FD3590B-56F5-4429-8F59-931DB34505DB} = {36D591C7-65C7-A0D1-1CBC-10CDE441BDC8}
	EndGlobalSection
	GlobalSection(ExtensibilityGlobals) = postSolution
		SolutionGuid = {0830E383-C505-485D-8C22-80C4DDF9C2E9}
	EndGlobalSection
EndGlobal
